
Microsoft Visual Studio Solution File, Format Version 12.00
# Visual Studio Version 17
VisualStudioVersion = 17.0.32002.185
MinimumVisualStudioVersion = 10.0.40219.1
Project("{54A90642-561A-4BB1-A94E-469ADEE60C69}") = "carcr", "carCR\carcr.esproj", "{0FC6DFD0-A1BF-4469-9CBC-E18FD1FDA8C4}"
EndProject
Project("{FAE04EC0-301F-11D3-BF4B-00C04F79EFBC}") = "carCRBackend", "carCRBackend\carCRBackend.csproj", "{5DE83ACB-43E7-4912-BF9C-73D949574724}"
EndProject
Global
	GlobalSection(SolutionConfigurationPlatforms) = preSolution
		Debug|Any CPU = Debug|Any CPU
		Release|Any CPU = Release|Any CPU
	EndGlobalSection
	GlobalSection(ProjectConfigurationPlatforms) = postSolution
		{0FC6DFD0-A1BF-4469-9CBC-E18FD1FDA8C4}.Debug|Any CPU.ActiveCfg = Debug|Any CPU
		{0FC6DFD0-A1BF-4469-9CBC-E18FD1FDA8C4}.Debug|Any CPU.Build.0 = Debug|Any CPU
		{0FC6DFD0-A1BF-4469-9CBC-E18FD1FDA8C4}.Debug|Any CPU.Deploy.0 = Debug|Any CPU
		{0FC6DFD0-A1BF-4469-9CBC-E18FD1FDA8C4}.Release|Any CPU.ActiveCfg = Release|Any CPU
		{0FC6DFD0-A1BF-4469-9CBC-E18FD1FDA8C4}.Release|Any CPU.Build.0 = Release|Any CPU
		{0FC6DFD0-A1BF-4469-9CBC-E18FD1FDA8C4}.Release|Any CPU.Deploy.0 = Release|Any CPU
		{5DE83ACB-43E7-4912-BF9C-73D949574724}.Debug|Any CPU.ActiveCfg = Debug|Any CPU
		{5DE83ACB-43E7-4912-BF9C-73D949574724}.Debug|Any CPU.Build.0 = Debug|Any CPU
		{5DE83ACB-43E7-4912-BF9C-73D949574724}.Release|Any CPU.ActiveCfg = Release|Any CPU
		{5DE83ACB-43E7-4912-BF9C-73D949574724}.Release|Any CPU.Build.0 = Release|Any CPU
	EndGlobalSection
	GlobalSection(SolutionProperties) = preSolution
		HideSolutionNode = FALSE
	EndGlobalSection
	GlobalSection(ExtensibilityGlobals) = postSolution
		SolutionGuid = {7BB17FD9-B47A-426F-B9EB-52E49DD966C7}
	EndGlobalSection
EndGlobal
